// !$*UTF8*$!
{
	archiveVersion = 1;
	classes = {
	};
	objectVersion = 77;
	objects = {

/* Begin PBXContainerItemProxy section */
		97F363002E34CB9C00294816 /* PBXContainerItemProxy */ = {
			isa = PBXContainerItemProxy;
			containerPortal = 97F362E72E34CB9A00294816 /* Project object */;
			proxyType = 1;
			remoteGlobalIDString = 97F362EE2E34CB9A00294816;
			remoteInfo = CjFoodVille;
		};
		97F3630A2E34CB9C00294816 /* PBXContainerItemProxy */ = {
			isa = PBXContainerItemProxy;
			containerPortal = 97F362E72E34CB9A00294816 /* Project object */;
			proxyType = 1;
			remoteGlobalIDString = 97F362EE2E34CB9A00294816;
			remoteInfo = CjFoodVille;
		};
/* End PBXContainerItemProxy section */

/* Begin PBXFileReference section */
		97F362EF2E34CB9A00294816 /* CjFoodVille.app */ = {isa = PBXFileReference; explicitFileType = wrapper.application; includeInIndex = 0; path = CjFoodVille.app; sourceTree = BUILT_PRODUCTS_DIR; };
		97F362FF2E34CB9C00294816 /* CjFoodVilleTests.xctest */ = {isa = PBXFileReference; explicitFileType = wrapper.cfbundle; includeInIndex = 0; path = CjFoodVilleTests.xctest; sourceTree = BUILT_PRODUCTS_DIR; };
		97F363092E34CB9C00294816 /* CjFoodVilleUITests.xctest */ = {isa = PBXFileReference; explicitFileType = wrapper.cfbundle; includeInIndex = 0; path = CjFoodVilleUITests.xctest; sourceTree = BUILT_PRODUCTS_DIR; };
/* End PBXFileReference section */

/* Begin PBXFileSystemSynchronizedBuildFileExceptionSet section */
		97F3633C2E34D7B200294816 /* Exceptions for "CjFoodVille" folder in "CjFoodVille" target */ = {
			isa = PBXFileSystemSynchronizedBuildFileExceptionSet;
			membershipExceptions = (
				Info.plist,
			);
			target = 97F362EE2E34CB9A00294816 /* CjFoodVille */;
		};
/* End PBXFileSystemSynchronizedBuildFileExceptionSet section */

/* Begin PBXFileSystemSynchronizedRootGroup section */
		97F362F12E34CB9A00294816 /* CjFoodVille */ = {
			isa = PBXFileSystemSynchronizedRootGroup;
			exceptions = (
				97F3633C2E34D7B200294816 /* Exceptions for "CjFoodVille" folder in "CjFoodVille" target */,
			);
			path = CjFoodVille;
			sourceTree = "<group>";
		};
		97F363022E34CB9C00294816 /* CjFoodVilleTests */ = {
			isa = PBXFileSystemSynchronizedRootGroup;
			path = CjFoodVilleTests;
			sourceTree = "<group>";
		};
		97F3630C2E34CB9C00294816 /* CjFoodVilleUITests */ = {
			isa = PBXFileSystemSynchronizedRootGroup;
			path = CjFoodVilleUITests;
			sourceTree = "<group>";
		};
/* End PBXFileSystemSynchronizedRootGroup section */

/* Begin PBXFrameworksBuildPhase section */
		97F362EC2E34CB9A00294816 /* Frameworks */ = {
			isa = PBXFrameworksBuildPhase;
			buildActionMask = 2147483647;
			files = (
			);
			runOnlyForDeploymentPostprocessing = 0;
		};
		97F362FC2E34CB9C00294816 /* Frameworks */ = {
			isa = PBXFrameworksBuildPhase;
			buildActionMask = 2147483647;
			files = (
			);
			runOnlyForDeploymentPostprocessing = 0;
		};
		97F363062E34CB9C00294816 /* Frameworks */ = {
			isa = PBXFrameworksBuildPhase;
			buildActionMask = 2147483647;
			files = (
			);
			runOnlyForDeploymentPostprocessing = 0;
		};
/* End PBXFrameworksBuildPhase section */

/* Begin PBXGroup section */
		97F362E62E34CB9A00294816 = {
			isa = PBXGroup;
			children = (
				97F362F12E34CB9A00294816 /* CjFoodVille */,
				97F363022E34CB9C00294816 /* CjFoodVilleTests */,
				97F3630C2E34CB9C00294816 /* CjFoodVilleUITests */,
				97F362F02E34CB9A00294816 /* Products */,
			);
			sourceTree = "<group>";
		};
		97F362F02E34CB9A00294816 /* Products */ = {
			isa = PBXGroup;
			children = (
				97F362EF2E34CB9A00294816 /* CjFoodVille.app */,
				97F362FF2E34CB9C00294816 /* CjFoodVilleTests.xctest */,
				97F363092E34CB9C00294816 /* CjFoodVilleUITests.xctest */,
			);
			name = Products;
			sourceTree = "<group>";
		};
/* End PBXGroup section */

/* Begin PBXNativeTarget section */
		97F362EE2E34CB9A00294816 /* CjFoodVille */ = {
			isa = PBXNativeTarget;
			buildConfigurationList = 97F363132E34CB9C00294816 /* Build configuration list for PBXNativeTarget "CjFoodVille" */;
			buildPhases = (
				97F362EB2E34CB9A00294816 /* Sources */,
				97F362EC2E34CB9A00294816 /* Frameworks */,
				97F362ED2E34CB9A00294816 /* Resources */,
			);
			buildRules = (
			);
			dependencies = (
			);
			fileSystemSynchronizedGroups = (
				97F362F12E34CB9A00294816 /* CjFoodVille */,
			);
			name = CjFoodVille;
			packageProductDependencies = (
			);
			productName = CjFoodVille;
			productReference = 97F362EF2E34CB9A00294816 /* CjFoodVille.app */;
			productType = "com.apple.product-type.application";
		};
		97F362FE2E34CB9C00294816 /* CjFoodVilleTests */ = {
			isa = PBXNativeTarget;
			buildConfigurationList = 97F363162E34CB9C00294816 /* Build configuration list for PBXNativeTarget "CjFoodVilleTests" */;
			buildPhases = (
				97F362FB2E34CB9C00294816 /* Sources */,
				97F362FC2E34CB9C00294816 /* Frameworks */,
				97F362FD2E34CB9C00294816 /* Resources */,
			);
			buildRules = (
			);
			dependencies = (
				97F363012E34CB9C00294816 /* PBXTargetDependency */,
			);
			fileSystemSynchronizedGroups = (
				97F363022E34CB9C00294816 /* CjFoodVilleTests */,
			);
			name = CjFoodVilleTests;
			packageProductDependencies = (
			);
			productName = CjFoodVilleTests;
			productReference = 97F362FF2E34CB9C00294816 /* CjFoodVilleTests.xctest */;
			productType = "com.apple.product-type.bundle.unit-test";
		};
		97F363082E34CB9C00294816 /* CjFoodVilleUITests */ = {
			isa = PBXNativeTarget;
			buildConfigurationList = 97F363192E34CB9C00294816 /* Build configuration list for PBXNativeTarget "CjFoodVilleUITests" */;
			buildPhases = (
				97F363052E34CB9C00294816 /* Sources */,
				97F363062E34CB9C00294816 /* Frameworks */,
				97F363072E34CB9C00294816 /* Resources */,
			);
			buildRules = (
			);
			dependencies = (
				97F3630B2E34CB9C00294816 /* PBXTargetDependency */,
			);
			fileSystemSynchronizedGroups = (
				97F3630C2E34CB9C00294816 /* CjFoodVilleUITests */,
			);
			name = CjFoodVilleUITests;
			packageProductDependencies = (
			);
			productName = CjFoodVilleUITests;
			productReference = 97F363092E34CB9C00294816 /* CjFoodVilleUITests.xctest */;
			productType = "com.apple.product-type.bundle.ui-testing";
		};
/* End PBXNativeTarget section */

/* Begin PBXProject section */
		97F362E72E34CB9A00294816 /* Project object */ = {
			isa = PBXProject;
			attributes = {
				BuildIndependentTargetsInParallel = 1;
				LastSwiftUpdateCheck = 1620;
				LastUpgradeCheck = 1620;
				TargetAttributes = {
					97F362EE2E34CB9A00294816 = {
						CreatedOnToolsVersion = 16.2;
					};
					97F362FE2E34CB9C00294816 = {
						CreatedOnToolsVersion = 16.2;
						TestTargetID = 97F362EE2E34CB9A00294816;
					};
					97F363082E34CB9C00294816 = {
						CreatedOnToolsVersion = 16.2;
						TestTargetID = 97F362EE2E34CB9A00294816;
					};
				};
			};
			buildConfigurationList = 97F362EA2E34CB9A00294816 /* Build configuration list for PBXProject "CjFoodVille" */;
			developmentRegion = en;
			hasScannedForEncodings = 0;
			knownRegions = (
				en,
				Base,
			);
			mainGroup = 97F362E62E34CB9A00294816;
			minimizedProjectReferenceProxies = 1;
			packageReferences = (
				97F363822E34F4EE00294816 /* XCRemoteSwiftPackageReference "Swinject" */,
			);
			preferredProjectObjectVersion = 77;
			productRefGroup = 97F362F02E34CB9A00294816 /* Products */;
			projectDirPath = "";
			projectRoot = "";
			targets = (
				97F362EE2E34CB9A00294816 /* CjFoodVille */,
				97F362FE2E34CB9C00294816 /* CjFoodVilleTests */,
				97F363082E34CB9C00294816 /* CjFoodVilleUITests */,
			);
		};
/* End PBXProject section */

/* Begin PBXResourcesBuildPhase section */
		97F362ED2E34CB9A00294816 /* Resources */ = {
			isa = PBXResourcesBuildPhase;
			buildActionMask = 2147483647;
			files = (
			);
			runOnlyForDeploymentPostprocessing = 0;
		};
		97F362FD2E34CB9C00294816 /* Resources */ = {
			isa = PBXResourcesBuildPhase;
			buildActionMask = 2147483647;
			files = (
			);
			runOnlyForDeploymentPostprocessing = 0;
		};
		97F363072E34CB9C00294816 /* Resources */ = {
			isa = PBXResourcesBuildPhase;
			buildActionMask = 2147483647;
			files = (
			);
			runOnlyForDeploymentPostprocessing = 0;
		};
/* End PBXResourcesBuildPhase section */

/* Begin PBXSourcesBuildPhase section */
		97F362EB2E34CB9A00294816 /* Sources */ = {
			isa = PBXSourcesBuildPhase;
			buildActionMask = 2147483647;
			files = (
			);
			runOnlyForDeploymentPostprocessing = 0;
		};
		97F362FB2E34CB9C00294816 /* Sources */ = {
			isa = PBXSourcesBuildPhase;
			buildActionMask = 2147483647;
			files = (
			);
			runOnlyForDeploymentPostprocessing = 0;
		};
		97F363052E34CB9C00294816 /* Sources */ = {
			isa = PBXSourcesBuildPhase;
			buildActionMask = 2147483647;
			files = (
			);
			runOnlyForDeploymentPostprocessing = 0;
		};
/* End PBXSourcesBuildPhase section */

/* Begin PBXTargetDependency section */
		97F363012E34CB9C00294816 /* PBXTargetDependency */ = {
			isa = PBXTargetDependency;
			target = 97F362EE2E34CB9A00294816 /* CjFoodVille */;
			targetProxy = 97F363002E34CB9C00294816 /* PBXContainerItemProxy */;
		};
		97F3630B2E34CB9C00294816 /* PBXTargetDependency */ = {
			isa = PBXTargetDependency;
			target = 97F362EE2E34CB9A00294816 /* CjFoodVille */;
			targetProxy = 97F3630A2E34CB9C00294816 /* PBXContainerItemProxy */;
		};
/* End PBXTargetDependency section */

/* Begin XCBuildConfiguration section */
		97F363112E34CB9C00294816 /* Debug */ = {
			isa = XCBuildConfiguration;
			buildSettings = {
				ALWAYS_SEARCH_USER_PATHS = NO;
				ASSETCATALOG_COMPILER_GENERATE_SWIFT_ASSET_SYMBOL_EXTENSIONS = YES;
				CLANG_ANALYZER_NONNULL = YES;
				CLANG_ANALYZER_NUMBER_OBJECT_CONVERSION = YES_AGGRESSIVE;
				CLANG_CXX_LANGUAGE_STANDARD = "gnu++20";
				CLANG_ENABLE_MODULES = YES;
				CLANG_ENABLE_OBJC_ARC = YES;
				CLANG_ENABLE_OBJC_WEAK = YES;
				CLANG_WARN_BLOCK_CAPTURE_AUTORELEASING = YES;
				CLANG_WARN_BOOL_CONVERSION = YES;
				CLANG_WARN_COMMA = YES;
				CLANG_WARN_CONSTANT_CONVERSION = YES;
				CLANG_WARN_DEPRECATED_OBJC_IMPLEMENTATIONS = YES;
				CLANG_WARN_DIRECT_OBJC_ISA_USAGE = YES_ERROR;
				CLANG_WARN_DOCUMENTATION_COMMENTS = YES;
				CLANG_WARN_EMPTY_BODY = YES;
				CLANG_WARN_ENUM_CONVERSION = YES;
				CLANG_WARN_INFINITE_RECURSION = YES;
				CLANG_WARN_INT_CONVERSION = YES;
				CLANG_WARN_NON_LITERAL_NULL_CONVERSION = YES;
				CLANG_WARN_OBJC_IMPLICIT_RETAIN_SELF = YES;
				CLANG_WARN_OBJC_LITERAL_CONVERSION = YES;
				CLANG_WARN_OBJC_ROOT_CLASS = YES_ERROR;
				CLANG_WARN_QUOTED_INCLUDE_IN_FRAMEWORK_HEADER = YES;
				CLANG_WARN_RANGE_LOOP_ANALYSIS = YES;
				CLANG_WARN_STRICT_PROTOTYPES = YES;
				CLANG_WARN_SUSPICIOUS_MOVE = YES;
				CLANG_WARN_UNGUARDED_AVAILABILITY = YES_AGGRESSIVE;
				CLANG_WARN_UNREACHABLE_CODE = YES;
				CLANG_WARN__DUPLICATE_METHOD_MATCH = YES;
				COPY_PHASE_STRIP = NO;
				DEBUG_INFORMATION_FORMAT = dwarf;
				ENABLE_STRICT_OBJC_MSGSEND = YES;
				ENABLE_TESTABILITY = YES;
				ENABLE_USER_SCRIPT_SANDBOXING = YES;
				GCC_C_LANGUAGE_STANDARD = gnu17;
				GCC_DYNAMIC_NO_PIC = NO;
				GCC_NO_COMMON_BLOCKS = YES;
				GCC_OPTIMIZATION_LEVEL = 0;
				GCC_PREPROCESSOR_DEFINITIONS = (
					"DEBUG=1",
					"$(inherited)",
				);
				GCC_WARN_64_TO_32_BIT_CONVERSION = YES;
				GCC_WARN_ABOUT_RETURN_TYPE = YES_ERROR;
				GCC_WARN_UNDECLARED_SELECTOR = YES;
				GCC_WARN_UNINITIALIZED_AUTOS = YES_AGGRESSIVE;
				GCC_WARN_UNUSED_FUNCTION = YES;
				GCC_WARN_UNUSED_VARIABLE = YES;
				IPHONEOS_DEPLOYMENT_TARGET = 18.2;
				LOCALIZATION_PREFERS_STRING_CATALOGS = YES;
				MTL_ENABLE_DEBUG_INFO = INCLUDE_SOURCE;
				MTL_FAST_MATH = YES;
				ONLY_ACTIVE_ARCH = YES;
				SDKROOT = iphoneos;
				SWIFT_ACTIVE_COMPILATION_CONDITIONS = "DEBUG $(inherited)";
				SWIFT_OPTIMIZATION_LEVEL = "-Onone";
			};
			name = Debug;
		};
		97F363122E34CB9C00294816 /* Release */ = {
			isa = XCBuildConfiguration;
			buildSettings = {
				ALWAYS_SEARCH_USER_PATHS = NO;
				ASSETCATALOG_COMPILER_GENERATE_SWIFT_ASSET_SYMBOL_EXTENSIONS = YES;
				CLANG_ANALYZER_NONNULL = YES;
				CLANG_ANALYZER_NUMBER_OBJECT_CONVERSION = YES_AGGRESSIVE;
				CLANG_CXX_LANGUAGE_STANDARD = "gnu++20";
				CLANG_ENABLE_MODULES = YES;
				CLANG_ENABLE_OBJC_ARC = YES;
				CLANG_ENABLE_OBJC_WEAK = YES;
				CLANG_WARN_BLOCK_CAPTURE_AUTORELEASING = YES;
				CLANG_WARN_BOOL_CONVERSION = YES;
				CLANG_WARN_COMMA = YES;
				CLANG_WARN_CONSTANT_CONVERSION = YES;
				CLANG_WARN_DEPRECATED_OBJC_IMPLEMENTATIONS = YES;
				CLANG_WARN_DIRECT_OBJC_ISA_USAGE = YES_ERROR;
				CLANG_WARN_DOCUMENTATION_COMMENTS = YES;
				CLANG_WARN_EMPTY_BODY = YES;
				CLANG_WARN_ENUM_CONVERSION = YES;
				CLANG_WARN_INFINITE_RECURSION = YES;
				CLANG_WARN_INT_CONVERSION = YES;
				CLANG_WARN_NON_LITERAL_NULL_CONVERSION = YES;
				CLANG_WARN_OBJC_IMPLICIT_RETAIN_SELF = YES;
				CLANG_WARN_OBJC_LITERAL_CONVERSION = YES;
				CLANG_WARN_OBJC_ROOT_CLASS = YES_ERROR;
				CLANG_WARN_QUOTED_INCLUDE_IN_FRAMEWORK_HEADER = YES;
				CLANG_WARN_RANGE_LOOP_ANALYSIS = YES;
				CLANG_WARN_STRICT_PROTOTYPES = YES;
				CLANG_WARN_SUSPICIOUS_MOVE = YES;
				CLANG_WARN_UNGUARDED_AVAILABILITY = YES_AGGRESSIVE;
				CLANG_WARN_UNREACHABLE_CODE = YES;
				CLANG_WARN__DUPLICATE_METHOD_MATCH = YES;
				COPY_PHASE_STRIP = NO;
				DEBUG_INFORMATION_FORMAT = "dwarf-with-dsym";
				ENABLE_NS_ASSERTIONS = NO;
				ENABLE_STRICT_OBJC_MSGSEND = YES;
				ENABLE_USER_SCRIPT_SANDBOXING = YES;
				GCC_C_LANGUAGE_STANDARD = gnu17;
				GCC_NO_COMMON_BLOCKS = YES;
				GCC_WARN_64_TO_32_BIT_CONVERSION = YES;
				GCC_WARN_ABOUT_RETURN_TYPE = YES_ERROR;
				GCC_WARN_UNDECLARED_SELECTOR = YES;
				GCC_WARN_UNINITIALIZED_AUTOS = YES_AGGRESSIVE;
				GCC_WARN_UNUSED_FUNCTION = YES;
				GCC_WARN_UNUSED_VARIABLE = YES;
				IPHONEOS_DEPLOYMENT_TARGET = 18.2;
				LOCALIZATION_PREFERS_STRING_CATALOGS = YES;
				MTL_ENABLE_DEBUG_INFO = NO;
				MTL_FAST_MATH = YES;
				SDKROOT = iphoneos;
				SWIFT_COMPILATION_MODE = wholemodule;
				VALIDATE_PRODUCT = YES;
			};
			name = Release;
		};
		97F363142E34CB9C00294816 /* Debug */ = {
			isa = XCBuildConfiguration;
			buildSettings = {
				ASSETCATALOG_COMPILER_APPICON_NAME = AppIcon;
				ASSETCATALOG_COMPILER_GLOBAL_ACCENT_COLOR_NAME = AccentColor;
				CODE_SIGN_STYLE = Automatic;
				CURRENT_PROJECT_VERSION = 1;
				DEVELOPMENT_ASSET_PATHS = "\"CjFoodVille/Preview Content\"";
				ENABLE_PREVIEWS = YES;
				GENERATE_INFOPLIST_FILE = YES;
				INFOPLIST_FILE = CjFoodVille/Info.plist;
				INFOPLIST_KEY_UIApplicationSceneManifest_Generation = YES;
				INFOPLIST_KEY_UIApplicationSupportsIndirectInputEvents = YES;
				INFOPLIST_KEY_UISupportedInterfaceOrientations_iPad = "UIInterfaceOrientationPortrait UIInterfaceOrientationPortraitUpsideDown UIInterfaceOrientationLandscapeLeft UIInterfaceOrientationLandscapeRight";
				INFOPLIST_KEY_UISupportedInterfaceOrientations_iPhone = "UIInterfaceOrientationPortrait UIInterfaceOrientationLandscapeLeft UIInterfaceOrientationLandscapeRight";
				LD_RUNPATH_SEARCH_PATHS = (
					"$(inherited)",
					"@executable_path/Frameworks",
				);
				MARKETING_VERSION = 1.0;
				PRODUCT_BUNDLE_IDENTIFIER = "Jung-Yuhwan.CjFoodVille";
				PRODUCT_NAME = "$(TARGET_NAME)";
				SWIFT_EMIT_LOC_STRINGS = YES;
				SWIFT_VERSION = 5.0;
				TARGETED_DEVICE_FAMILY = "1,2";
			};
			name = Debug;
		};
		97F363152E34CB9C00294816 /* Release */ = {
			isa = XCBuildConfiguration;
			buildSettings = {
				ASSETCATALOG_COMPILER_APPICON_NAME = AppIcon;
				ASSETCATALOG_COMPILER_GLOBAL_ACCENT_COLOR_NAME = AccentColor;
				CODE_SIGN_STYLE = Automatic;
				CURRENT_PROJECT_VERSION = 1;
				DEVELOPMENT_ASSET_PATHS = "\"CjFoodVille/Preview Content\"";
				ENABLE_PREVIEWS = YES;
				GENERATE_INFOPLIST_FILE = YES;
				INFOPLIST_FILE = CjFoodVille/Info.plist;
				INFOPLIST_KEY_UIApplicationSceneManifest_Generation = YES;
				INFOPLIST_KEY_UIApplicationSupportsIndirectInputEvents = YES;
				INFOPLIST_KEY_UISupportedInterfaceOrientations_iPad = "UIInterfaceOrientationPortrait UIInterfaceOrientationPortraitUpsideDown UIInterfaceOrientationLandscapeLeft UIInterfaceOrientationLandscapeRight";
				INFOPLIST_KEY_UISupportedInterfaceOrientations_iPhone = "UIInterfaceOrientationPortrait UIInterfaceOrientationLandscapeLeft UIInterfaceOrientationLandscapeRight";
				LD_RUNPATH_SEARCH_PATHS = (
					"$(inherited)",
					"@executable_path/Frameworks",
				);
				MARKETING_VERSION = 1.0;
				PRODUCT_BUNDLE_IDENTIFIER = "Jung-Yuhwan.CjFoodVille";
				PRODUCT_NAME = "$(TARGET_NAME)";
				SWIFT_EMIT_LOC_STRINGS = YES;
				SWIFT_VERSION = 5.0;
				TARGETED_DEVICE_FAMILY = "1,2";
			};
			name = Release;
		};
		97F363172E34CB9C00294816 /* Debug */ = {
			isa = XCBuildConfiguration;
			buildSettings = {
				BUNDLE_LOADER = "$(TEST_HOST)";
				CODE_SIGN_STYLE = Automatic;
				CURRENT_PROJECT_VERSION = 1;
				GENERATE_INFOPLIST_FILE = YES;
				IPHONEOS_DEPLOYMENT_TARGET = 18.2;
				MARKETING_VERSION = 1.0;
				PRODUCT_BUNDLE_IDENTIFIER = "Jung-Yuhwan.CjFoodVilleTests";
				PRODUCT_NAME = "$(TARGET_NAME)";
				SWIFT_EMIT_LOC_STRINGS = NO;
				SWIFT_VERSION = 5.0;
				TARGETED_DEVICE_FAMILY = "1,2";
				TEST_HOST = "$(BUILT_PRODUCTS_DIR)/CjFoodVille.app/$(BUNDLE_EXECUTABLE_FOLDER_PATH)/CjFoodVille";
			};
			name = Debug;
		};
		97F363182E34CB9C00294816 /* Release */ = {
			isa = XCBuildConfiguration;
			buildSettings = {
				BUNDLE_LOADER = "$(TEST_HOST)";
				CODE_SIGN_STYLE = Automatic;
				CURRENT_PROJECT_VERSION = 1;
				GENERATE_INFOPLIST_FILE = YES;
				IPHONEOS_DEPLOYMENT_TARGET = 18.2;
				MARKETING_VERSION = 1.0;
				PRODUCT_BUNDLE_IDENTIFIER = "Jung-Yuhwan.CjFoodVilleTests";
				PRODUCT_NAME = "$(TARGET_NAME)";
				SWIFT_EMIT_LOC_STRINGS = NO;
				SWIFT_VERSION = 5.0;
				TARGETED_DEVICE_FAMILY = "1,2";
				TEST_HOST = "$(BUILT_PRODUCTS_DIR)/CjFoodVille.app/$(BUNDLE_EXECUTABLE_FOLDER_PATH)/CjFoodVille";
			};
			name = Release;
		};
		97F3631A2E34CB9C00294816 /* Debug */ = {
			isa = XCBuildConfiguration;
			buildSettings = {
				CODE_SIGN_STYLE = Automatic;
				CURRENT_PROJECT_VERSION = 1;
				GENERATE_INFOPLIST_FILE = YES;
				MARKETING_VERSION = 1.0;
				PRODUCT_BUNDLE_IDENTIFIER = "Jung-Yuhwan.CjFoodVilleUITests";
				PRODUCT_NAME = "$(TARGET_NAME)";
				SWIFT_EMIT_LOC_STRINGS = NO;
				SWIFT_VERSION = 5.0;
				TARGETED_DEVICE_FAMILY = "1,2";
				TEST_TARGET_NAME = CjFoodVille;
			};
			name = Debug;
		};
		97F3631B2E34CB9C00294816 /* Release */ = {
			isa = XCBuildConfiguration;
			buildSettings = {
				CODE_SIGN_STYLE = Automatic;
				CURRENT_PROJECT_VERSION = 1;
				GENERATE_INFOPLIST_FILE = YES;
				MARKETING_VERSION = 1.0;
				PRODUCT_BUNDLE_IDENTIFIER = "Jung-Yuhwan.CjFoodVilleUITests";
				PRODUCT_NAME = "$(TARGET_NAME)";
				SWIFT_EMIT_LOC_STRINGS = NO;
				SWIFT_VERSION = 5.0;
				TARGETED_DEVICE_FAMILY = "1,2";
				TEST_TARGET_NAME = CjFoodVille;
			};
			name = Release;
		};
/* End XCBuildConfiguration section */

/* Begin XCConfigurationList section */
		97F362EA2E34CB9A00294816 /* Build configuration list for PBXProject "CjFoodVille" */ = {
			isa = XCConfigurationList;
			buildConfigurations = (
				97F363112E34CB9C00294816 /* Debug */,
				97F363122E34CB9C00294816 /* Release */,
			);
			defaultConfigurationIsVisible = 0;
			defaultConfigurationName = Release;
		};
		97F363132E34CB9C00294816 /* Build configuration list for PBXNativeTarget "CjFoodVille" */ = {
			isa = XCConfigurationList;
			buildConfigurations = (
				97F363142E34CB9C00294816 /* Debug */,
				97F363152E34CB9C00294816 /* Release */,
			);
			defaultConfigurationIsVisible = 0;
			defaultConfigurationName = Release;
		};
		97F363162E34CB9C00294816 /* Build configuration list for PBXNativeTarget "CjFoodVilleTests" */ = {
			isa = XCConfigurationList;
			buildConfigurations = (
				97F363172E34CB9C00294816 /* Debug */,
				97F363182E34CB9C00294816 /* Release */,
			);
			defaultConfigurationIsVisible = 0;
			defaultConfigurationName = Release;
		};
		97F363192E34CB9C00294816 /* Build configuration list for PBXNativeTarget "CjFoodVilleUITests" */ = {
			isa = XCConfigurationList;
			buildConfigurations = (
				97F3631A2E34CB9C00294816 /* Debug */,
				97F3631B2E34CB9C00294816 /* Release */,
			);
			defaultConfigurationIsVisible = 0;
			defaultConfigurationName = Release;
		};
/* End XCConfigurationList section */

/* Begin XCRemoteSwiftPackageReference section */
		97F363822E34F4EE00294816 /* XCRemoteSwiftPackageReference "Swinject" */ = {
			isa = XCRemoteSwiftPackageReference;
			repositoryURL = "https://github.com/Swinject/Swinject.git";
			requirement = {
				kind = upToNextMajorVersion;
				minimumVersion = 2.9.1;
			};
		};
/* End XCRemoteSwiftPackageReference section */
	};
	rootObject = 97F362E72E34CB9A00294816 /* Project object */;
}
